
Microsoft Visual Studio Solution File, Format Version 12.00
# Visual Studio 15
VisualStudioVersion = 15.0.28010.2026
MinimumVisualStudioVersion = 10.0.40219.1
Project("{FAE04EC0-301F-11D3-BF4B-00C04F79EFBC}") = "MissionApi", "MissionApi\MissionApi.csproj", "{417F4221-49D6-4B23-8AC0-D6EA5A27DF4E}"
EndProject
Global
	GlobalSection(SolutionConfigurationPlatforms) = preSolution
		Debug|Any CPU = Debug|Any CPU
		Release|Any CPU = Release|Any CPU
	EndGlobalSection
	GlobalSection(ProjectConfigurationPlatforms) = postSolution
		{417F4221-49D6-4B23-8AC0-D6EA5A27DF4E}.Debug|Any CPU.ActiveCfg = Debug|Any CPU
		{417F4221-49D6-4B23-8AC0-D6EA5A27DF4E}.Debug|Any CPU.Build.0 = Debug|Any CPU
		{417F4221-49D6-4B23-8AC0-D6EA5A27DF4E}.Release|Any CPU.ActiveCfg = Release|Any CPU
		{417F4221-49D6-4B23-8AC0-D6EA5A27DF4E}.Release|Any CPU.Build.0 = Release|Any CPU
	EndGlobalSection
	GlobalSection(SolutionProperties) = preSolution
		HideSolutionNode = FALSE
	EndGlobalSection
	GlobalSection(ExtensibilityGlobals) = postSolution
		SolutionGuid = {99A50F50-6AF5-47EE-9FB5-475F4C3AB78E}
	EndGlobalSection
EndGlobal
